{
  "requires": true,
  "lockfileVersion": 1,
  "dependencies": {
    "@types/jquery": {
      "version": "3.3.4",
      "resolved": "https://registry.npmjs.org/@types/jquery/-/jquery-3.3.4.tgz",
      "integrity": "sha512-KqgLNDh8oTl43/2B78S7tjwPnOxPtP9wQsLptbuQCmMwqH5QuPZOk36RsNgbs3mnq/3SCyG1l/GJmhKk5Dg68g=="
    },
    "@types/node": {
      "version": "10.5.2",
      "resolved": "https://registry.npmjs.org/@types/node/-/node-10.5.2.tgz",
      "integrity": "sha512-m9zXmifkZsMHZBOyxZWilMwmTlpC8x5Ty360JKTiXvlXZfBWYpsg9ZZvP/Ye+iZUh+Q+MxDLjItVTWIsfwz+8Q=="
    },
    "@types/sockjs-client": {
      "version": "1.1.0",
      "resolved": "https://registry.npmjs.org/@types/sockjs-client/-/sockjs-client-1.1.0.tgz",
      "integrity": "sha512-F3gD7AakaPGzzdTmvN8HYxlNL+vTnMykYSUoukRTRGUntH4lwjxG5wx3ZwdYBTA3sTo4duxHY+rRZMbIEBxhRQ=="
    },
    "@types/stompjs": {
      "version": "2.3.3",
      "resolved": "https://registry.npmjs.org/@types/stompjs/-/stompjs-2.3.3.tgz",
      "integrity": "sha512-p6+AQ+YS9P0bIYgfyDxKBIoDTFnFPpARSyDdHX+bbpNnBsgg3/fKwK6jwROur4CHiyjgAvl5wcIxz2rOvOl7rQ==",
      "requires": {
        "@types/node": "10.5.2"
      }
    },
    "@types/vue-resource": {
      "version": "0.9.34",
      "resolved": "https://registry.npmjs.org/@types/vue-resource/-/vue-resource-0.9.34.tgz",
      "integrity": "sha512-BllGVrAEnBHmc6rNJA1ExhWA9l2LDFgF3pZoPYLAxPA2qVvAy8Y57AMg2o1dWoipImwSiIyQyeqe+1AH1BxJyA==",
      "requires": {
        "@types/vue": "1.0.31"
      },
      "dependencies": {
        "@types/vue": {
          "version": "1.0.31",
          "resolved": "https://registry.npmjs.org/@types/vue/-/vue-1.0.31.tgz",
          "integrity": "sha1-wzAQ1kn7I3OGu/WJRKw7hqo5TwY="
        }
      }
    },
    "vue": {
      "version": "2.5.16",
      "resolved": "https://registry.npmjs.org/vue/-/vue-2.5.16.tgz",
      "integrity": "sha512-/ffmsiVuPC8PsWcFkZngdpas19ABm5mh2wA7iDqcltyCTwlgZjHGeJYOXkBMo422iPwIcviOtrTCUpSfXmToLQ=="
    }
  }
}
